// !$*UTF8*$!
{
	archiveVersion = 1;
	classes = {
	};
	objectVersion = 46;
	objects = {

/* Begin PBXAggregateTarget section */
		023EB3801587A31A0072EC4E /* FrameworkComplete */ = {
			isa = PBXAggregateTarget;
			buildConfigurationList = 023EB3811587A31A0072EC4E /* Build configuration list for PBXAggregateTarget "FrameworkComplete" */;
			buildPhases = (
				023EB38D1587A33A0072EC4E /* Copy Executables */,
				028D628B15C0677000C12842 /* Generate Bridge Support Metadata */,
			);
			dependencies = (
				023EB3891587A3300072EC4E /* PBXTargetDependency */,
				023EB38B1587A3320072EC4E /* PBXTargetDependency */,
			);
			name = FrameworkComplete;
			productName = FrameworkComplete;
		};
		023EB3841587A3210072EC4E /* InstallPackage */ = {
			isa = PBXAggregateTarget;
			buildConfigurationList = 023EB3851587A3210072EC4E /* Build configuration list for PBXAggregateTarget "InstallPackage" */;
			buildPhases = (
				023EB3901587A3520072EC4E /* Build Install Package */,
			);
			dependencies = (
				023EB38F1587A34F0072EC4E /* PBXTargetDependency */,
			);
			name = InstallPackage;
			productName = InstallPackage;
		};
		028D627D15C064AF00C12842 /* Documentation */ = {
			isa = PBXAggregateTarget;
			buildConfigurationList = 028D628015C064AF00C12842 /* Build configuration list for PBXAggregateTarget "Documentation" */;
			buildPhases = (
				028D628415C064C400C12842 /* Generate Documentation */,
			);
			dependencies = (
				028D628315C064BC00C12842 /* PBXTargetDependency */,
			);
			name = Documentation;
			productName = Documentation;
		};
/* End PBXAggregateTarget section */

/* Begin PBXBuildFile section */
		020FB3DD15C1EAE300B003DC /* MOPointerValue.h in Headers */ = {isa = PBXBuildFile; fileRef = 020FB3DB15C1EAE300B003DC /* MOPointerValue.h */; settings = {ATTRIBUTES = (Private, ); }; };
		020FB3DF15C1EAE300B003DC /* MOPointerValue.m in Sources */ = {isa = PBXBuildFile; fileRef = 020FB3DC15C1EAE300B003DC /* MOPointerValue.m */; };
		02112327155D973100415471 /* MOBridgeSupportController.h in Headers */ = {isa = PBXBuildFile; fileRef = 02112325155D973100415471 /* MOBridgeSupportController.h */; settings = {ATTRIBUTES = (Private, ); }; };
		0211232C155D99F600415471 /* MOBridgeSupportSymbol.h in Headers */ = {isa = PBXBuildFile; fileRef = 0211232A155D99F600415471 /* MOBridgeSupportSymbol.h */; settings = {ATTRIBUTES = (Private, ); }; };
		0211233E155DB8F800415471 /* MOBridgeSupportLibrary.h in Headers */ = {isa = PBXBuildFile; fileRef = 0211233C155DB8F800415471 /* MOBridgeSupportLibrary.h */; settings = {ATTRIBUTES = (Private, ); }; };
		02112342155DB9A100415471 /* MOBridgeSupportParser.h in Headers */ = {isa = PBXBuildFile; fileRef = 02112340155DB9A100415471 /* MOBridgeSupportParser.h */; settings = {ATTRIBUTES = (Private, ); }; };
		02373A2715D2DDBA005C5D0A /* NSFileHandle+MochaAdditions.m in Sources */ = {isa = PBXBuildFile; fileRef = 02373A2615D2DDBA005C5D0A /* NSFileHandle+MochaAdditions.m */; };
		02568B741846653A00DD8D92 /* MOJavaScriptObject_Private.h in Headers */ = {isa = PBXBuildFile; fileRef = 02568B731846653A00DD8D92 /* MOJavaScriptObject_Private.h */; settings = {ATTRIBUTES = (Private, ); }; };
		02679EDB1A2D381E0027DB63 /* MochaTests.m in Sources */ = {isa = PBXBuildFile; fileRef = 02679EDA1A2D381E0027DB63 /* MochaTests.m */; };
		02679EDC1A2D381E0027DB63 /* Mocha.framework in Frameworks */ = {isa = PBXBuildFile; fileRef = EAA45E03155CE44B00F93E40 /* Mocha.framework */; };
		02770DC41A2D395D0030D87F /* Tests in Resources */ = {isa = PBXBuildFile; fileRef = 02770DC31A2D395D0030D87F /* Tests */; };
		027CE834184588CD00AFF4B2 /* MORuntime_Private.h in Headers */ = {isa = PBXBuildFile; fileRef = 027CE831184588CD00AFF4B2 /* MORuntime_Private.h */; settings = {ATTRIBUTES = (Private, ); }; };
		027CE836184588CD00AFF4B2 /* MORuntime.h in Headers */ = {isa = PBXBuildFile; fileRef = 027CE832184588CD00AFF4B2 /* MORuntime.h */; settings = {ATTRIBUTES = (Public, ); }; };
		027CE838184588CD00AFF4B2 /* MORuntime.m in Sources */ = {isa = PBXBuildFile; fileRef = 027CE833184588CD00AFF4B2 /* MORuntime.m */; };
		028D628615C0650600C12842 /* Mocha.hdoc in Resources */ = {isa = PBXBuildFile; fileRef = 028D628515C0650600C12842 /* Mocha.hdoc */; };
		02A9EB1115C84D51005C0E8C /* MOPointer.h in Headers */ = {isa = PBXBuildFile; fileRef = 02A9EB0F15C84D51005C0E8C /* MOPointer.h */; settings = {ATTRIBUTES = (Public, ); }; };
		02A9EB1215C84D51005C0E8C /* MOPointer.m in Sources */ = {isa = PBXBuildFile; fileRef = 02A9EB1015C84D51005C0E8C /* MOPointer.m */; };
		02B1AE1C15C07A80000E2008 /* MOAllocator.m in Sources */ = {isa = PBXBuildFile; fileRef = 02B1AE1A15C07A80000E2008 /* MOAllocator.m */; };
		02B1AE1E15C07A88000E2008 /* MOAllocator.h in Headers */ = {isa = PBXBuildFile; fileRef = 02B1AE1915C07A80000E2008 /* MOAllocator.h */; settings = {ATTRIBUTES = (Private, ); }; };
		02C2065218578C90003A316A /* MOWeak.h in Headers */ = {isa = PBXBuildFile; fileRef = 02C2065018578C90003A316A /* MOWeak.h */; settings = {ATTRIBUTES = (Public, ); }; };
		02C2065418578C90003A316A /* MOWeak.m in Sources */ = {isa = PBXBuildFile; fileRef = 02C2065118578C90003A316A /* MOWeak.m */; };
		02CBE13F18593D0900B8D16D /* MOBlock.h in Headers */ = {isa = PBXBuildFile; fileRef = 02CBE13D18593D0900B8D16D /* MOBlock.h */; settings = {ATTRIBUTES = (Private, ); }; };
		02CBE14118593D0900B8D16D /* MOBlock.m in Sources */ = {isa = PBXBuildFile; fileRef = 02CBE13E18593D0900B8D16D /* MOBlock.m */; };
		02DCA800185677A60047EF92 /* MOFunctionInvocation.h in Headers */ = {isa = PBXBuildFile; fileRef = 02DCA7FE185677A60047EF92 /* MOFunctionInvocation.h */; settings = {ATTRIBUTES = (Private, ); }; };
		02DCA802185677A60047EF92 /* MOFunctionInvocation.m in Sources */ = {isa = PBXBuildFile; fileRef = 02DCA7FF185677A60047EF92 /* MOFunctionInvocation.m */; settings = {COMPILER_FLAGS = "-fno-objc-arc"; }; };
		9F54B8DA1AEB431400AB4378 /* Model.xcdatamodeld in Sources */ = {isa = PBXBuildFile; fileRef = 9F54B8D81AEB431400AB4378 /* Model.xcdatamodeld */; };
		9F54B8DC1AEB432B00AB4378 /* MochaPropertyTests.m in Sources */ = {isa = PBXBuildFile; fileRef = 9F54B8DB1AEB432B00AB4378 /* MochaPropertyTests.m */; };
		EA037E701560B4C100D3E7C8 /* MOFunctionArgument.h in Headers */ = {isa = PBXBuildFile; fileRef = EA037E6E1560B4C100D3E7C8 /* MOFunctionArgument.h */; settings = {ATTRIBUTES = (Private, ); }; };
		EA1A1232156160F200A1F1A4 /* libffi.dylib in Frameworks */ = {isa = PBXBuildFile; fileRef = EA1A1231156160F200A1F1A4 /* libffi.dylib */; };
		EAA34F9E156304A800B62244 /* MOUndefined.h in Headers */ = {isa = PBXBuildFile; fileRef = EAA34F9C156304A800B62244 /* MOUndefined.h */; settings = {ATTRIBUTES = (Public, ); }; };
		EAA34FA31563986F00B62244 /* MOStruct.h in Headers */ = {isa = PBXBuildFile; fileRef = EAA34FA11563986F00B62244 /* MOStruct.h */; settings = {ATTRIBUTES = (Public, ); }; };
		EAA3502815647DAD00B62244 /* Mocha.m in Sources */ = {isa = PBXBuildFile; fileRef = EAA45E14155CE44B00F93E40 /* Mocha.m */; };
		EAA3502A15647DAD00B62244 /* MOBox.m in Sources */ = {isa = PBXBuildFile; fileRef = EAA45E93155EEB9400F93E40 /* MOBox.m */; };
		EAA3502B15647DAD00B62244 /* MOMethod.m in Sources */ = {isa = PBXBuildFile; fileRef = EAA45E87155EE97200F93E40 /* MOMethod.m */; };
		EAA3502C15647DAD00B62244 /* MOStruct.m in Sources */ = {isa = PBXBuildFile; fileRef = EAA34FA21563986F00B62244 /* MOStruct.m */; };
		EAA3502D15647DAD00B62244 /* MOUndefined.m in Sources */ = {isa = PBXBuildFile; fileRef = EAA34F9D156304A800B62244 /* MOUndefined.m */; };
		EAA3502F15647DAD00B62244 /* MOBridgeSupportController.m in Sources */ = {isa = PBXBuildFile; fileRef = 02112326155D973100415471 /* MOBridgeSupportController.m */; };
		EAA3503015647DAD00B62244 /* MOBridgeSupportParser.m in Sources */ = {isa = PBXBuildFile; fileRef = 02112341155DB9A100415471 /* MOBridgeSupportParser.m */; };
		EAA3503115647DAD00B62244 /* MOBridgeSupportLibrary.m in Sources */ = {isa = PBXBuildFile; fileRef = 0211233D155DB8F800415471 /* MOBridgeSupportLibrary.m */; };
		EAA3503215647DAD00B62244 /* MOBridgeSupportSymbol.m in Sources */ = {isa = PBXBuildFile; fileRef = 0211232B155D99F600415471 /* MOBridgeSupportSymbol.m */; };
		EAA3503315647DAD00B62244 /* MOFunctionArgument.m in Sources */ = {isa = PBXBuildFile; fileRef = EA037E6F1560B4C100D3E7C8 /* MOFunctionArgument.m */; settings = {COMPILER_FLAGS = "-fno-objc-arc"; }; };
		EAA3503515647DAD00B62244 /* NSArray+MochaAdditions.m in Sources */ = {isa = PBXBuildFile; fileRef = EAC8BFC3155F3E01003653BA /* NSArray+MochaAdditions.m */; };
		EAA3503715647DD400B62244 /* Mocha.framework in Frameworks */ = {isa = PBXBuildFile; fileRef = EAA45E03155CE44B00F93E40 /* Mocha.framework */; };
		EAA45E1C155CE46000F93E40 /* MochaDefines.h in Headers */ = {isa = PBXBuildFile; fileRef = EAA45E1B155CE46000F93E40 /* MochaDefines.h */; settings = {ATTRIBUTES = (Public, ); }; };
		EAA45E1D155CE46400F93E40 /* Mocha.h in Headers */ = {isa = PBXBuildFile; fileRef = EAA45E13155CE44B00F93E40 /* Mocha.h */; settings = {ATTRIBUTES = (Public, ); }; };
		EAA45E76155EE5AF00F93E40 /* main.m in Sources */ = {isa = PBXBuildFile; fileRef = EAA45E75155EE5AF00F93E40 /* main.m */; };
		EAA45E81155EE68000F93E40 /* MOCInterpreter.m in Sources */ = {isa = PBXBuildFile; fileRef = EAA45E80155EE68000F93E40 /* MOCInterpreter.m */; };
		EAA45E88155EE97200F93E40 /* MOMethod.h in Headers */ = {isa = PBXBuildFile; fileRef = EAA45E86155EE97200F93E40 /* MOMethod.h */; settings = {ATTRIBUTES = (Public, ); }; };
		EAA45E94155EEB9500F93E40 /* MOBox.h in Headers */ = {isa = PBXBuildFile; fileRef = EAA45E92155EEB9400F93E40 /* MOBox.h */; settings = {ATTRIBUTES = (Private, ); }; };
		EAA45EAB155F0B4600F93E40 /* libreadline.dylib in Frameworks */ = {isa = PBXBuildFile; fileRef = EAA45EAA155F0B4600F93E40 /* libreadline.dylib */; };
		EAB4B14F15743E1F00F4342D /* MOJavaScriptObject.h in Headers */ = {isa = PBXBuildFile; fileRef = EAB4B14D15743E1F00F4342D /* MOJavaScriptObject.h */; settings = {ATTRIBUTES = (Public, ); }; };
		EAB4B15115743E1F00F4342D /* MOJavaScriptObject.m in Sources */ = {isa = PBXBuildFile; fileRef = EAB4B14E15743E1F00F4342D /* MOJavaScriptObject.m */; };
		EAC8BFC4155F3E01003653BA /* NSArray+MochaAdditions.h in Headers */ = {isa = PBXBuildFile; fileRef = EAC8BFC2155F3E01003653BA /* NSArray+MochaAdditions.h */; settings = {ATTRIBUTES = (Private, ); }; };
/* End PBXBuildFile section */

/* Begin PBXContainerItemProxy section */
		023EB3881587A3300072EC4E /* PBXContainerItemProxy */ = {
			isa = PBXContainerItemProxy;
			containerPortal = EAA45DF9155CE44B00F93E40 /* Project object */;
			proxyType = 1;
			remoteGlobalIDString = EAA45E02155CE44B00F93E40;
			remoteInfo = Mocha;
		};
		023EB38A1587A3320072EC4E /* PBXContainerItemProxy */ = {
			isa = PBXContainerItemProxy;
			containerPortal = EAA45DF9155CE44B00F93E40 /* Project object */;
			proxyType = 1;
			remoteGlobalIDString = EAA45E70155EE5AF00F93E40;
			remoteInfo = moc;
		};
		023EB38E1587A34F0072EC4E /* PBXContainerItemProxy */ = {
			isa = PBXContainerItemProxy;
			containerPortal = EAA45DF9155CE44B00F93E40 /* Project object */;
			proxyType = 1;
			remoteGlobalIDString = 023EB3801587A31A0072EC4E;
			remoteInfo = FrameworkComplete;
		};
		02679EDD1A2D381E0027DB63 /* PBXContainerItemProxy */ = {
			isa = PBXContainerItemProxy;
			containerPortal = EAA45DF9155CE44B00F93E40 /* Project object */;
			proxyType = 1;
			remoteGlobalIDString = EAA45E02155CE44B00F93E40;
			remoteInfo = "Framework (OS X)";
		};
		028D628215C064BC00C12842 /* PBXContainerItemProxy */ = {
			isa = PBXContainerItemProxy;
			containerPortal = EAA45DF9155CE44B00F93E40 /* Project object */;
			proxyType = 1;
			remoteGlobalIDString = EAA45E02155CE44B00F93E40;
			remoteInfo = Mocha;
		};
		EAA3503815647DEA00B62244 /* PBXContainerItemProxy */ = {
			isa = PBXContainerItemProxy;
			containerPortal = EAA45DF9155CE44B00F93E40 /* Project object */;
			proxyType = 1;
			remoteGlobalIDString = EAA45E02155CE44B00F93E40;
			remoteInfo = Mocha;
		};
/* End PBXContainerItemProxy section */

/* Begin PBXCopyFilesBuildPhase section */
		EAA45E6F155EE5AF00F93E40 /* CopyFiles */ = {
			isa = PBXCopyFilesBuildPhase;
			buildActionMask = 2147483647;
			dstPath = /usr/share/man/man1/;
			dstSubfolderSpec = 0;
			files = (
			);
			runOnlyForDeploymentPostprocessing = 1;
		};
/* End PBXCopyFilesBuildPhase section */

/* Begin PBXFileReference section */
		020FB3DB15C1EAE300B003DC /* MOPointerValue.h */ = {isa = PBXFileReference; fileEncoding = 4; lastKnownFileType = sourcecode.c.h; path = MOPointerValue.h; sourceTree = "<group>"; };
		020FB3DC15C1EAE300B003DC /* MOPointerValue.m */ = {isa = PBXFileReference; fileEncoding = 4; lastKnownFileType = sourcecode.c.objc; path = MOPointerValue.m; sourceTree = "<group>"; };
		02112325155D973100415471 /* MOBridgeSupportController.h */ = {isa = PBXFileReference; fileEncoding = 4; lastKnownFileType = sourcecode.c.h; path = MOBridgeSupportController.h; sourceTree = "<group>"; };
		02112326155D973100415471 /* MOBridgeSupportController.m */ = {isa = PBXFileReference; fileEncoding = 4; lastKnownFileType = sourcecode.c.objc; path = MOBridgeSupportController.m; sourceTree = "<group>"; };
		0211232A155D99F600415471 /* MOBridgeSupportSymbol.h */ = {isa = PBXFileReference; fileEncoding = 4; lastKnownFileType = sourcecode.c.h; path = MOBridgeSupportSymbol.h; sourceTree = "<group>"; };
		0211232B155D99F600415471 /* MOBridgeSupportSymbol.m */ = {isa = PBXFileReference; fileEncoding = 4; lastKnownFileType = sourcecode.c.objc; path = MOBridgeSupportSymbol.m; sourceTree = "<group>"; };
		0211233C155DB8F800415471 /* MOBridgeSupportLibrary.h */ = {isa = PBXFileReference; fileEncoding = 4; lastKnownFileType = sourcecode.c.h; path = MOBridgeSupportLibrary.h; sourceTree = "<group>"; };
		0211233D155DB8F800415471 /* MOBridgeSupportLibrary.m */ = {isa = PBXFileReference; fileEncoding = 4; lastKnownFileType = sourcecode.c.objc; path = MOBridgeSupportLibrary.m; sourceTree = "<group>"; };
		02112340155DB9A100415471 /* MOBridgeSupportParser.h */ = {isa = PBXFileReference; fileEncoding = 4; lastKnownFileType = sourcecode.c.h; path = MOBridgeSupportParser.h; sourceTree = "<group>"; };
		02112341155DB9A100415471 /* MOBridgeSupportParser.m */ = {isa = PBXFileReference; fileEncoding = 4; lastKnownFileType = sourcecode.c.objc; path = MOBridgeSupportParser.m; sourceTree = "<group>"; };
		02373A2515D2DDBA005C5D0A /* NSFileHandle+MochaAdditions.h */ = {isa = PBXFileReference; fileEncoding = 4; lastKnownFileType = sourcecode.c.h; path = "NSFileHandle+MochaAdditions.h"; sourceTree = "<group>"; };
		02373A2615D2DDBA005C5D0A /* NSFileHandle+MochaAdditions.m */ = {isa = PBXFileReference; fileEncoding = 4; lastKnownFileType = sourcecode.c.objc; path = "NSFileHandle+MochaAdditions.m"; sourceTree = "<group>"; };
		023EB37E1587A2D40072EC4E /* postinstall */ = {isa = PBXFileReference; lastKnownFileType = text.script.python; path = postinstall; sourceTree = "<group>"; };
		023EB37F1587A2D40072EC4E /* preinstall */ = {isa = PBXFileReference; lastKnownFileType = text.script.python; path = preinstall; sourceTree = "<group>"; };
		02568B731846653A00DD8D92 /* MOJavaScriptObject_Private.h */ = {isa = PBXFileReference; fileEncoding = 4; lastKnownFileType = sourcecode.c.h; path = MOJavaScriptObject_Private.h; sourceTree = "<group>"; };
		02679ED61A2D381E0027DB63 /* MochaTests.xctest */ = {isa = PBXFileReference; explicitFileType = wrapper.cfbundle; includeInIndex = 0; path = MochaTests.xctest; sourceTree = BUILT_PRODUCTS_DIR; };
		02679ED91A2D381E0027DB63 /* Info.plist */ = {isa = PBXFileReference; lastKnownFileType = text.plist.xml; path = Info.plist; sourceTree = "<group>"; };
		02679EDA1A2D381E0027DB63 /* MochaTests.m */ = {isa = PBXFileReference; lastKnownFileType = sourcecode.c.objc; path = MochaTests.m; sourceTree = "<group>"; };
		02770DC31A2D395D0030D87F /* Tests */ = {isa = PBXFileReference; lastKnownFileType = folder; path = Tests; sourceTree = "<group>"; };
		027CE831184588CD00AFF4B2 /* MORuntime_Private.h */ = {isa = PBXFileReference; fileEncoding = 4; lastKnownFileType = sourcecode.c.h; path = MORuntime_Private.h; sourceTree = "<group>"; };
		027CE832184588CD00AFF4B2 /* MORuntime.h */ = {isa = PBXFileReference; fileEncoding = 4; lastKnownFileType = sourcecode.c.h; path = MORuntime.h; sourceTree = "<group>"; };
		027CE833184588CD00AFF4B2 /* MORuntime.m */ = {isa = PBXFileReference; fileEncoding = 4; lastKnownFileType = sourcecode.c.objc; path = MORuntime.m; sourceTree = "<group>"; };
		028D628515C0650600C12842 /* Mocha.hdoc */ = {isa = PBXFileReference; fileEncoding = 4; lastKnownFileType = text; path = Mocha.hdoc; sourceTree = "<group>"; };
		02A9EB0F15C84D51005C0E8C /* MOPointer.h */ = {isa = PBXFileReference; fileEncoding = 4; lastKnownFileType = sourcecode.c.h; path = MOPointer.h; sourceTree = "<group>"; };
		02A9EB1015C84D51005C0E8C /* MOPointer.m */ = {isa = PBXFileReference; fileEncoding = 4; lastKnownFileType = sourcecode.c.objc; path = MOPointer.m; sourceTree = "<group>"; };
		02B1AE1915C07A80000E2008 /* MOAllocator.h */ = {isa = PBXFileReference; fileEncoding = 4; lastKnownFileType = sourcecode.c.h; path = MOAllocator.h; sourceTree = "<group>"; };
		02B1AE1A15C07A80000E2008 /* MOAllocator.m */ = {isa = PBXFileReference; fileEncoding = 4; lastKnownFileType = sourcecode.c.objc; path = MOAllocator.m; sourceTree = "<group>"; };
		02C2065018578C90003A316A /* MOWeak.h */ = {isa = PBXFileReference; fileEncoding = 4; lastKnownFileType = sourcecode.c.h; path = MOWeak.h; sourceTree = "<group>"; };
		02C2065118578C90003A316A /* MOWeak.m */ = {isa = PBXFileReference; fileEncoding = 4; lastKnownFileType = sourcecode.c.objc; path = MOWeak.m; sourceTree = "<group>"; };
		02CBE13D18593D0900B8D16D /* MOBlock.h */ = {isa = PBXFileReference; fileEncoding = 4; lastKnownFileType = sourcecode.c.h; path = MOBlock.h; sourceTree = "<group>"; };
		02CBE13E18593D0900B8D16D /* MOBlock.m */ = {isa = PBXFileReference; fileEncoding = 4; lastKnownFileType = sourcecode.c.objc; path = MOBlock.m; sourceTree = "<group>"; };
		02DCA7FE185677A60047EF92 /* MOFunctionInvocation.h */ = {isa = PBXFileReference; fileEncoding = 4; lastKnownFileType = sourcecode.c.h; path = MOFunctionInvocation.h; sourceTree = "<group>"; };
		02DCA7FF185677A60047EF92 /* MOFunctionInvocation.m */ = {isa = PBXFileReference; fileEncoding = 4; indentWidth = 4; lastKnownFileType = sourcecode.c.objc; path = MOFunctionInvocation.m; sourceTree = "<group>"; };
		9F54B8D91AEB431400AB4378 /* Model.xcdatamodel */ = {isa = PBXFileReference; lastKnownFileType = wrapper.xcdatamodel; path = Model.xcdatamodel; sourceTree = "<group>"; };
		9F54B8DB1AEB432B00AB4378 /* MochaPropertyTests.m */ = {isa = PBXFileReference; fileEncoding = 4; lastKnownFileType = sourcecode.c.objc; path = MochaPropertyTests.m; sourceTree = "<group>"; };
		EA037E6E1560B4C100D3E7C8 /* MOFunctionArgument.h */ = {isa = PBXFileReference; fileEncoding = 4; lastKnownFileType = sourcecode.c.h; path = MOFunctionArgument.h; sourceTree = "<group>"; };
		EA037E6F1560B4C100D3E7C8 /* MOFunctionArgument.m */ = {isa = PBXFileReference; fileEncoding = 4; lastKnownFileType = sourcecode.c.objc; path = MOFunctionArgument.m; sourceTree = "<group>"; };
		EA1A1231156160F200A1F1A4 /* libffi.dylib */ = {isa = PBXFileReference; lastKnownFileType = "compiled.mach-o.dylib"; name = libffi.dylib; path = usr/lib/libffi.dylib; sourceTree = SDKROOT; };
		EAA34F9C156304A800B62244 /* MOUndefined.h */ = {isa = PBXFileReference; fileEncoding = 4; lastKnownFileType = sourcecode.c.h; path = MOUndefined.h; sourceTree = "<group>"; };
		EAA34F9D156304A800B62244 /* MOUndefined.m */ = {isa = PBXFileReference; fileEncoding = 4; lastKnownFileType = sourcecode.c.objc; path = MOUndefined.m; sourceTree = "<group>"; };
		EAA34FA11563986F00B62244 /* MOStruct.h */ = {isa = PBXFileReference; fileEncoding = 4; lastKnownFileType = sourcecode.c.h; path = MOStruct.h; sourceTree = "<group>"; };
		EAA34FA21563986F00B62244 /* MOStruct.m */ = {isa = PBXFileReference; fileEncoding = 4; lastKnownFileType = sourcecode.c.objc; path = MOStruct.m; sourceTree = "<group>"; };
		EAA45E03155CE44B00F93E40 /* Mocha.framework */ = {isa = PBXFileReference; explicitFileType = wrapper.framework; includeInIndex = 0; path = Mocha.framework; sourceTree = BUILT_PRODUCTS_DIR; };
		EAA45E0E155CE44B00F93E40 /* Mocha-Info.plist */ = {isa = PBXFileReference; lastKnownFileType = text.plist.xml; path = "Mocha-Info.plist"; sourceTree = "<group>"; };
		EAA45E13155CE44B00F93E40 /* Mocha.h */ = {isa = PBXFileReference; lastKnownFileType = sourcecode.c.h; path = Mocha.h; sourceTree = "<group>"; };
		EAA45E14155CE44B00F93E40 /* Mocha.m */ = {isa = PBXFileReference; lastKnownFileType = sourcecode.c.objc; path = Mocha.m; sourceTree = "<group>"; };
		EAA45E1B155CE46000F93E40 /* MochaDefines.h */ = {isa = PBXFileReference; fileEncoding = 4; lastKnownFileType = sourcecode.c.h; path = MochaDefines.h; sourceTree = "<group>"; };
		EAA45E71155EE5AF00F93E40 /* mocha */ = {isa = PBXFileReference; explicitFileType = "compiled.mach-o.executable"; includeInIndex = 0; path = mocha; sourceTree = BUILT_PRODUCTS_DIR; };
		EAA45E75155EE5AF00F93E40 /* main.m */ = {isa = PBXFileReference; lastKnownFileType = sourcecode.c.objc; path = main.m; sourceTree = "<group>"; };
		EAA45E78155EE5AF00F93E40 /* mocha-Prefix.pch */ = {isa = PBXFileReference; lastKnownFileType = sourcecode.c.h; path = "mocha-Prefix.pch"; sourceTree = "<group>"; };
		EAA45E7F155EE68000F93E40 /* MOCInterpreter.h */ = {isa = PBXFileReference; fileEncoding = 4; lastKnownFileType = sourcecode.c.h; path = MOCInterpreter.h; sourceTree = "<group>"; };
		EAA45E80155EE68000F93E40 /* MOCInterpreter.m */ = {isa = PBXFileReference; fileEncoding = 4; lastKnownFileType = sourcecode.c.objc; path = MOCInterpreter.m; sourceTree = "<group>"; };
		EAA45E86155EE97200F93E40 /* MOMethod.h */ = {isa = PBXFileReference; fileEncoding = 4; lastKnownFileType = sourcecode.c.h; path = MOMethod.h; sourceTree = "<group>"; };
		EAA45E87155EE97200F93E40 /* MOMethod.m */ = {isa = PBXFileReference; fileEncoding = 4; lastKnownFileType = sourcecode.c.objc; path = MOMethod.m; sourceTree = "<group>"; };
		EAA45E92155EEB9400F93E40 /* MOBox.h */ = {isa = PBXFileReference; fileEncoding = 4; lastKnownFileType = sourcecode.c.h; path = MOBox.h; sourceTree = "<group>"; };
		EAA45E93155EEB9400F93E40 /* MOBox.m */ = {isa = PBXFileReference; fileEncoding = 4; lastKnownFileType = sourcecode.c.objc; path = MOBox.m; sourceTree = "<group>"; };
		EAA45EAA155F0B4600F93E40 /* libreadline.dylib */ = {isa = PBXFileReference; lastKnownFileType = "compiled.mach-o.dylib"; name = libreadline.dylib; path = usr/lib/libreadline.dylib; sourceTree = SDKROOT; };
		EAB4B14D15743E1F00F4342D /* MOJavaScriptObject.h */ = {isa = PBXFileReference; fileEncoding = 4; lastKnownFileType = sourcecode.c.h; path = MOJavaScriptObject.h; sourceTree = "<group>"; };
		EAB4B14E15743E1F00F4342D /* MOJavaScriptObject.m */ = {isa = PBXFileReference; fileEncoding = 4; lastKnownFileType = sourcecode.c.objc; path = MOJavaScriptObject.m; sourceTree = "<group>"; };
		EAC8BFC2155F3E01003653BA /* NSArray+MochaAdditions.h */ = {isa = PBXFileReference; fileEncoding = 4; lastKnownFileType = sourcecode.c.h; path = "NSArray+MochaAdditions.h"; sourceTree = "<group>"; };
		EAC8BFC3155F3E01003653BA /* NSArray+MochaAdditions.m */ = {isa = PBXFileReference; fileEncoding = 4; lastKnownFileType = sourcecode.c.objc; path = "NSArray+MochaAdditions.m"; sourceTree = "<group>"; };
/* End PBXFileReference section */

/* Begin PBXFrameworksBuildPhase section */
		02679ED31A2D381E0027DB63 /* Frameworks */ = {
			isa = PBXFrameworksBuildPhase;
			buildActionMask = 2147483647;
			files = (
				02679EDC1A2D381E0027DB63 /* Mocha.framework in Frameworks */,
			);
			runOnlyForDeploymentPostprocessing = 0;
		};
		EAA45DFF155CE44B00F93E40 /* Frameworks */ = {
			isa = PBXFrameworksBuildPhase;
			buildActionMask = 2147483647;
			files = (
				EA1A1232156160F200A1F1A4 /* libffi.dylib in Frameworks */,
			);
			runOnlyForDeploymentPostprocessing = 0;
		};
		EAA45E6E155EE5AF00F93E40 /* Frameworks */ = {
			isa = PBXFrameworksBuildPhase;
			buildActionMask = 2147483647;
			files = (
				EAA3503715647DD400B62244 /* Mocha.framework in Frameworks */,
				EAA45EAB155F0B4600F93E40 /* libreadline.dylib in Frameworks */,
			);
			runOnlyForDeploymentPostprocessing = 0;
		};
/* End PBXFrameworksBuildPhase section */

/* Begin PBXGroup section */
		02112329155D99CA00415471 /* BridgeSupport */ = {
			isa = PBXGroup;
			children = (
				02112325155D973100415471 /* MOBridgeSupportController.h */,
				02112326155D973100415471 /* MOBridgeSupportController.m */,
				02112340155DB9A100415471 /* MOBridgeSupportParser.h */,
				02112341155DB9A100415471 /* MOBridgeSupportParser.m */,
				0211233C155DB8F800415471 /* MOBridgeSupportLibrary.h */,
				0211233D155DB8F800415471 /* MOBridgeSupportLibrary.m */,
				0211232A155D99F600415471 /* MOBridgeSupportSymbol.h */,
				0211232B155D99F600415471 /* MOBridgeSupportSymbol.m */,
			);
			path = BridgeSupport;
			sourceTree = "<group>";
		};
		02373A2415D2DDA1005C5D0A /* Categories */ = {
			isa = PBXGroup;
			children = (
				02373A2515D2DDBA005C5D0A /* NSFileHandle+MochaAdditions.h */,
				02373A2615D2DDBA005C5D0A /* NSFileHandle+MochaAdditions.m */,
			);
			path = Categories;
			sourceTree = "<group>";
		};
		023EB37B1587A2AE0072EC4E /* InstallPackage */ = {
			isa = PBXGroup;
			children = (
				023EB37D1587A2BD0072EC4E /* Scripts */,
			);
			path = InstallPackage;
			sourceTree = "<group>";
		};
		023EB37D1587A2BD0072EC4E /* Scripts */ = {
			isa = PBXGroup;
			children = (
				023EB37F1587A2D40072EC4E /* preinstall */,
				023EB37E1587A2D40072EC4E /* postinstall */,
			);
			path = Scripts;
			sourceTree = "<group>";
		};
		02679ED71A2D381E0027DB63 /* MochaTests */ = {
			isa = PBXGroup;
			children = (
				9F54B8DB1AEB432B00AB4378 /* MochaPropertyTests.m */,
				9F54B8D81AEB431400AB4378 /* Model.xcdatamodeld */,
				02679EDA1A2D381E0027DB63 /* MochaTests.m */,
				02770DC31A2D395D0030D87F /* Tests */,
				02679ED81A2D381E0027DB63 /* Supporting Files */,
			);
			path = MochaTests;
			sourceTree = "<group>";
		};
		02679ED81A2D381E0027DB63 /* Supporting Files */ = {
			isa = PBXGroup;
			children = (
				02679ED91A2D381E0027DB63 /* Info.plist */,
			);
			name = "Supporting Files";
			sourceTree = "<group>";
		};
		027CE82A1845876100AFF4B2 /* Runtime */ = {
			isa = PBXGroup;
			children = (
				027CE832184588CD00AFF4B2 /* MORuntime.h */,
				027CE831184588CD00AFF4B2 /* MORuntime_Private.h */,
				027CE833184588CD00AFF4B2 /* MORuntime.m */,
			);
			path = Runtime;
			sourceTree = "<group>";
		};
		EAA45DF7155CE44B00F93E40 = {
			isa = PBXGroup;
			children = (
				EAA45E0C155CE44B00F93E40 /* Framework */,
				EAA45E74155EE5AF00F93E40 /* mocha */,
				02679ED71A2D381E0027DB63 /* MochaTests */,
				023EB37B1587A2AE0072EC4E /* InstallPackage */,
				EAA45E05155CE44B00F93E40 /* Frameworks */,
				EAA45E04155CE44B00F93E40 /* Products */,
			);
			sourceTree = "<group>";
			usesTabs = 0;
		};
		EAA45E04155CE44B00F93E40 /* Products */ = {
			isa = PBXGroup;
			children = (
				EAA45E03155CE44B00F93E40 /* Mocha.framework */,
				EAA45E71155EE5AF00F93E40 /* mocha */,
				02679ED61A2D381E0027DB63 /* MochaTests.xctest */,
			);
			name = Products;
			sourceTree = "<group>";
		};
		EAA45E05155CE44B00F93E40 /* Frameworks */ = {
			isa = PBXGroup;
			children = (
				EA1A1231156160F200A1F1A4 /* libffi.dylib */,
				EAA45EAA155F0B4600F93E40 /* libreadline.dylib */,
			);
			name = Frameworks;
			sourceTree = "<group>";
		};
		EAA45E0C155CE44B00F93E40 /* Framework */ = {
			isa = PBXGroup;
			children = (
				EAA45E13155CE44B00F93E40 /* Mocha.h */,
				EAA45E14155CE44B00F93E40 /* Mocha.m */,
				EAA45E1B155CE46000F93E40 /* MochaDefines.h */,
				027CE82A1845876100AFF4B2 /* Runtime */,
				EAA45E3C155D09AA00F93E40 /* Objects */,
				EAA45E68155E5E2200F93E40 /* Invocation */,
				02112329155D99CA00415471 /* BridgeSupport */,
				EAC8BFCB155F42D3003653BA /* Categories */,
				EAA45E0D155CE44B00F93E40 /* Supporting Files */,
			);
			name = Framework;
			path = Mocha;
			sourceTree = "<group>";
		};
		EAA45E0D155CE44B00F93E40 /* Supporting Files */ = {
			isa = PBXGroup;
			children = (
				EAA45E0E155CE44B00F93E40 /* Mocha-Info.plist */,
				028D628515C0650600C12842 /* Mocha.hdoc */,
			);
			name = "Supporting Files";
			sourceTree = "<group>";
		};
		EAA45E3C155D09AA00F93E40 /* Objects */ = {
			isa = PBXGroup;
			children = (
				EAA45E92155EEB9400F93E40 /* MOBox.h */,
				EAA45E93155EEB9400F93E40 /* MOBox.m */,
				02B1AE1915C07A80000E2008 /* MOAllocator.h */,
				02B1AE1A15C07A80000E2008 /* MOAllocator.m */,
				02A9EB0F15C84D51005C0E8C /* MOPointer.h */,
				02A9EB1015C84D51005C0E8C /* MOPointer.m */,
				02C2065018578C90003A316A /* MOWeak.h */,
				02C2065118578C90003A316A /* MOWeak.m */,
				020FB3DB15C1EAE300B003DC /* MOPointerValue.h */,
				020FB3DC15C1EAE300B003DC /* MOPointerValue.m */,
				EAA34FA11563986F00B62244 /* MOStruct.h */,
				EAA34FA21563986F00B62244 /* MOStruct.m */,
				EAA45E86155EE97200F93E40 /* MOMethod.h */,
				EAA45E87155EE97200F93E40 /* MOMethod.m */,
				02CBE13D18593D0900B8D16D /* MOBlock.h */,
				02CBE13E18593D0900B8D16D /* MOBlock.m */,
				EAA34F9C156304A800B62244 /* MOUndefined.h */,
				EAA34F9D156304A800B62244 /* MOUndefined.m */,
				EAB4B14D15743E1F00F4342D /* MOJavaScriptObject.h */,
				02568B731846653A00DD8D92 /* MOJavaScriptObject_Private.h */,
				EAB4B14E15743E1F00F4342D /* MOJavaScriptObject.m */,
			);
			path = Objects;
			sourceTree = "<group>";
		};
		EAA45E68155E5E2200F93E40 /* Invocation */ = {
			isa = PBXGroup;
			children = (
				EA037E6E1560B4C100D3E7C8 /* MOFunctionArgument.h */,
				EA037E6F1560B4C100D3E7C8 /* MOFunctionArgument.m */,
				02DCA7FE185677A60047EF92 /* MOFunctionInvocation.h */,
				02DCA7FF185677A60047EF92 /* MOFunctionInvocation.m */,
			);
			path = Invocation;
			sourceTree = "<group>";
		};
		EAA45E74155EE5AF00F93E40 /* mocha */ = {
			isa = PBXGroup;
			children = (
				EAA45E75155EE5AF00F93E40 /* main.m */,
				EAA45E7F155EE68000F93E40 /* MOCInterpreter.h */,
				EAA45E80155EE68000F93E40 /* MOCInterpreter.m */,
				02373A2415D2DDA1005C5D0A /* Categories */,
				EAA45E77155EE5AF00F93E40 /* Supporting Files */,
			);
			name = mocha;
			path = moc;
			sourceTree = "<group>";
		};
		EAA45E77155EE5AF00F93E40 /* Supporting Files */ = {
			isa = PBXGroup;
			children = (
				EAA45E78155EE5AF00F93E40 /* mocha-Prefix.pch */,
			);
			name = "Supporting Files";
			sourceTree = "<group>";
		};
		EAC8BFCB155F42D3003653BA /* Categories */ = {
			isa = PBXGroup;
			children = (
				EAC8BFC2155F3E01003653BA /* NSArray+MochaAdditions.h */,
				EAC8BFC3155F3E01003653BA /* NSArray+MochaAdditions.m */,
			);
			path = Categories;
			sourceTree = "<group>";
		};
/* End PBXGroup section */

/* Begin PBXHeadersBuildPhase section */
		EAA45E00155CE44B00F93E40 /* Headers */ = {
			isa = PBXHeadersBuildPhase;
			buildActionMask = 2147483647;
			files = (
				EAA45E1C155CE46000F93E40 /* MochaDefines.h in Headers */,
				EAA45E1D155CE46400F93E40 /* Mocha.h in Headers */,
				EAA45E88155EE97200F93E40 /* MOMethod.h in Headers */,
				EAA34F9E156304A800B62244 /* MOUndefined.h in Headers */,
				02DCA800185677A60047EF92 /* MOFunctionInvocation.h in Headers */,
				02112327155D973100415471 /* MOBridgeSupportController.h in Headers */,
				0211232C155D99F600415471 /* MOBridgeSupportSymbol.h in Headers */,
				02C2065218578C90003A316A /* MOWeak.h in Headers */,
				0211233E155DB8F800415471 /* MOBridgeSupportLibrary.h in Headers */,
				02CBE13F18593D0900B8D16D /* MOBlock.h in Headers */,
				02112342155DB9A100415471 /* MOBridgeSupportParser.h in Headers */,
				027CE834184588CD00AFF4B2 /* MORuntime_Private.h in Headers */,
				EAA45E94155EEB9500F93E40 /* MOBox.h in Headers */,
				EAC8BFC4155F3E01003653BA /* NSArray+MochaAdditions.h in Headers */,
				EA037E701560B4C100D3E7C8 /* MOFunctionArgument.h in Headers */,
				02568B741846653A00DD8D92 /* MOJavaScriptObject_Private.h in Headers */,
				EAA34FA31563986F00B62244 /* MOStruct.h in Headers */,
				027CE836184588CD00AFF4B2 /* MORuntime.h in Headers */,
				EAB4B14F15743E1F00F4342D /* MOJavaScriptObject.h in Headers */,
				02B1AE1E15C07A88000E2008 /* MOAllocator.h in Headers */,
				020FB3DD15C1EAE300B003DC /* MOPointerValue.h in Headers */,
				02A9EB1115C84D51005C0E8C /* MOPointer.h in Headers */,
			);
			runOnlyForDeploymentPostprocessing = 0;
		};
/* End PBXHeadersBuildPhase section */

/* Begin PBXNativeTarget section */
		02679ED51A2D381E0027DB63 /* MochaTests */ = {
			isa = PBXNativeTarget;
			buildConfigurationList = 02679EDF1A2D381E0027DB63 /* Build configuration list for PBXNativeTarget "MochaTests" */;
			buildPhases = (
				02679ED21A2D381E0027DB63 /* Sources */,
				02679ED31A2D381E0027DB63 /* Frameworks */,
				02679ED41A2D381E0027DB63 /* Resources */,
			);
			buildRules = (
			);
			dependencies = (
				02679EDE1A2D381E0027DB63 /* PBXTargetDependency */,
			);
			name = MochaTests;
			productName = MochaTests;
			productReference = 02679ED61A2D381E0027DB63 /* MochaTests.xctest */;
			productType = "com.apple.product-type.bundle.unit-test";
		};
		EAA45E02155CE44B00F93E40 /* Framework */ = {
			isa = PBXNativeTarget;
			buildConfigurationList = EAA45E18155CE44B00F93E40 /* Build configuration list for PBXNativeTarget "Framework" */;
			buildPhases = (
				EAA45DFE155CE44B00F93E40 /* Sources */,
				EAA45DFF155CE44B00F93E40 /* Frameworks */,
				EAA45E00155CE44B00F93E40 /* Headers */,
				EAA45E01155CE44B00F93E40 /* Resources */,
			);
			buildRules = (
			);
			dependencies = (
			);
			name = Framework;
			productName = Mocha;
			productReference = EAA45E03155CE44B00F93E40 /* Mocha.framework */;
			productType = "com.apple.product-type.framework";
		};
		EAA45E70155EE5AF00F93E40 /* mocha */ = {
			isa = PBXNativeTarget;
			buildConfigurationList = EAA45E7B155EE5AF00F93E40 /* Build configuration list for PBXNativeTarget "mocha" */;
			buildPhases = (
				EAA45E6D155EE5AF00F93E40 /* Sources */,
				EAA45E6E155EE5AF00F93E40 /* Frameworks */,
				EAA45E6F155EE5AF00F93E40 /* CopyFiles */,
			);
			buildRules = (
			);
			dependencies = (
				EAA3503915647DEA00B62244 /* PBXTargetDependency */,
			);
			name = mocha;
			productName = moc;
			productReference = EAA45E71155EE5AF00F93E40 /* mocha */;
			productType = "com.apple.product-type.tool";
		};
/* End PBXNativeTarget section */

/* Begin PBXProject section */
		EAA45DF9155CE44B00F93E40 /* Project object */ = {
			isa = PBXProject;
			attributes = {
				CLASSPREFIX = MO;
				LastTestingUpgradeCheck = 0610;
				LastUpgradeCheck = 0610;
				ORGANIZATIONNAME = "Sunflower Softworks";
				TargetAttributes = {
					02679ED51A2D381E0027DB63 = {
						CreatedOnToolsVersion = 6.1;
					};
				};
			};
			buildConfigurationList = EAA45DFC155CE44B00F93E40 /* Build configuration list for PBXProject "Mocha" */;
			compatibilityVersion = "Xcode 3.2";
			developmentRegion = English;
			hasScannedForEncodings = 0;
			knownRegions = (
				en,
			);
			mainGroup = EAA45DF7155CE44B00F93E40;
			productRefGroup = EAA45E04155CE44B00F93E40 /* Products */;
			projectDirPath = "";
			projectRoot = "";
			targets = (
				EAA45E02155CE44B00F93E40 /* Framework */,
				EAA45E70155EE5AF00F93E40 /* mocha */,
				02679ED51A2D381E0027DB63 /* MochaTests */,
				023EB3801587A31A0072EC4E /* FrameworkComplete */,
				023EB3841587A3210072EC4E /* InstallPackage */,
				028D627D15C064AF00C12842 /* Documentation */,
			);
		};
/* End PBXProject section */

/* Begin PBXResourcesBuildPhase section */
		02679ED41A2D381E0027DB63 /* Resources */ = {
			isa = PBXResourcesBuildPhase;
			buildActionMask = 2147483647;
			files = (
				02770DC41A2D395D0030D87F /* Tests in Resources */,
			);
			runOnlyForDeploymentPostprocessing = 0;
		};
		EAA45E01155CE44B00F93E40 /* Resources */ = {
			isa = PBXResourcesBuildPhase;
			buildActionMask = 2147483647;
			files = (
				028D628615C0650600C12842 /* Mocha.hdoc in Resources */,
			);
			runOnlyForDeploymentPostprocessing = 0;
		};
/* End PBXResourcesBuildPhase section */

/* Begin PBXShellScriptBuildPhase section */
		023EB38D1587A33A0072EC4E /* Copy Executables */ = {
			isa = PBXShellScriptBuildPhase;
			buildActionMask = 2147483647;
			files = (
			);
			inputPaths = (
			);
			name = "Copy Executables";
			outputPaths = (
			);
			runOnlyForDeploymentPostprocessing = 0;
			shellPath = /bin/sh;
			shellScript = "cp \"${BUILT_PRODUCTS_DIR}/mocha\" \"${BUILT_PRODUCTS_DIR}/Mocha.framework/Resources/\"";
		};
		023EB3901587A3520072EC4E /* Build Install Package */ = {
			isa = PBXShellScriptBuildPhase;
			buildActionMask = 2147483647;
			files = (
			);
			inputPaths = (
			);
			name = "Build Install Package";
			outputPaths = (
			);
			runOnlyForDeploymentPostprocessing = 0;
			shellPath = /bin/sh;
			shellScript = "rm -r \"${BUILT_PRODUCTS_DIR}/Mocha.framework/PrivateHeaders/\"\nrm \"${BUILT_PRODUCTS_DIR}/Mocha.framework/PrivateHeaders\"\nrm -rf \"${DSTROOT}\"\nmkdir -p \"${DSTROOT}/Library/Frameworks/\"\ncp -R \"${BUILT_PRODUCTS_DIR}/Mocha.framework\" \"${DSTROOT}/Library/Frameworks/\"\nchmod -R 755 \"${SRCROOT}/InstallPackage/Scripts/\"\npkgbuild --root \"${DSTROOT}\" \"${BUILT_PRODUCTS_DIR}/Mocha.pkg\" --identifier \"com.sunflowersw.Mocha\" --scripts \"${SRCROOT}/InstallPackage/Scripts\"";
		};
		028D628415C064C400C12842 /* Generate Documentation */ = {
			isa = PBXShellScriptBuildPhase;
			buildActionMask = 2147483647;
			files = (
			);
			inputPaths = (
			);
			name = "Generate Documentation";
			outputPaths = (
			);
			runOnlyForDeploymentPostprocessing = 0;
			shellPath = /bin/sh;
			shellScript = "mkdir -p \"${BUILT_PRODUCTS_DIR}/MochaDocumentation\"\nheaderdoc2html -C -g -u -o \"${BUILT_PRODUCTS_DIR}/MochaDocumentation\" \"${BUILT_PRODUCTS_DIR}/Mocha.framework/Headers\" \"${BUILT_PRODUCTS_DIR}/Mocha.framework/Resources/Mocha.hdoc\"\ngatherheaderdoc \"${BUILT_PRODUCTS_DIR}/MochaDocumentation\"";
		};
		028D628B15C0677000C12842 /* Generate Bridge Support Metadata */ = {
			isa = PBXShellScriptBuildPhase;
			buildActionMask = 2147483647;
			files = (
			);
			inputPaths = (
			);
			name = "Generate Bridge Support Metadata";
			outputPaths = (
			);
			runOnlyForDeploymentPostprocessing = 0;
			shellPath = /bin/sh;
			shellScript = "mkdir -p \"${BUILT_PRODUCTS_DIR}/Mocha.framework/Resources/BridgeSupport/\"\ngen_bridge_metadata --64-bit -f \"${BUILT_PRODUCTS_DIR}/Mocha.framework/\" -o \"${BUILT_PRODUCTS_DIR}/Mocha.framework/Resources/BridgeSupport/Mocha.bridgesupport\"";
		};
/* End PBXShellScriptBuildPhase section */

/* Begin PBXSourcesBuildPhase section */
		02679ED21A2D381E0027DB63 /* Sources */ = {
			isa = PBXSourcesBuildPhase;
			buildActionMask = 2147483647;
			files = (
				02679EDB1A2D381E0027DB63 /* MochaTests.m in Sources */,
				9F54B8DC1AEB432B00AB4378 /* MochaPropertyTests.m in Sources */,
				9F54B8DA1AEB431400AB4378 /* Model.xcdatamodeld in Sources */,
			);
			runOnlyForDeploymentPostprocessing = 0;
		};
		EAA45DFE155CE44B00F93E40 /* Sources */ = {
			isa = PBXSourcesBuildPhase;
			buildActionMask = 2147483647;
			files = (
				EAA3502815647DAD00B62244 /* Mocha.m in Sources */,
				EAA3502A15647DAD00B62244 /* MOBox.m in Sources */,
				EAA3502B15647DAD00B62244 /* MOMethod.m in Sources */,
				EAA3502C15647DAD00B62244 /* MOStruct.m in Sources */,
				02C2065418578C90003A316A /* MOWeak.m in Sources */,
				02CBE14118593D0900B8D16D /* MOBlock.m in Sources */,
				EAA3502D15647DAD00B62244 /* MOUndefined.m in Sources */,
				EAA3502F15647DAD00B62244 /* MOBridgeSupportController.m in Sources */,
				EAA3503015647DAD00B62244 /* MOBridgeSupportParser.m in Sources */,
				EAA3503115647DAD00B62244 /* MOBridgeSupportLibrary.m in Sources */,
				EAA3503215647DAD00B62244 /* MOBridgeSupportSymbol.m in Sources */,
				EAA3503315647DAD00B62244 /* MOFunctionArgument.m in Sources */,
				027CE838184588CD00AFF4B2 /* MORuntime.m in Sources */,
				EAA3503515647DAD00B62244 /* NSArray+MochaAdditions.m in Sources */,
				EAB4B15115743E1F00F4342D /* MOJavaScriptObject.m in Sources */,
				02B1AE1C15C07A80000E2008 /* MOAllocator.m in Sources */,
				020FB3DF15C1EAE300B003DC /* MOPointerValue.m in Sources */,
				02A9EB1215C84D51005C0E8C /* MOPointer.m in Sources */,
				02DCA802185677A60047EF92 /* MOFunctionInvocation.m in Sources */,
			);
			runOnlyForDeploymentPostprocessing = 0;
		};
		EAA45E6D155EE5AF00F93E40 /* Sources */ = {
			isa = PBXSourcesBuildPhase;
			buildActionMask = 2147483647;
			files = (
				EAA45E76155EE5AF00F93E40 /* main.m in Sources */,
				EAA45E81155EE68000F93E40 /* MOCInterpreter.m in Sources */,
				02373A2715D2DDBA005C5D0A /* NSFileHandle+MochaAdditions.m in Sources */,
			);
			runOnlyForDeploymentPostprocessing = 0;
		};
/* End PBXSourcesBuildPhase section */

/* Begin PBXTargetDependency section */
		023EB3891587A3300072EC4E /* PBXTargetDependency */ = {
			isa = PBXTargetDependency;
			target = EAA45E02155CE44B00F93E40 /* Framework */;
			targetProxy = 023EB3881587A3300072EC4E /* PBXContainerItemProxy */;
		};
		023EB38B1587A3320072EC4E /* PBXTargetDependency */ = {
			isa = PBXTargetDependency;
			target = EAA45E70155EE5AF00F93E40 /* mocha */;
			targetProxy = 023EB38A1587A3320072EC4E /* PBXContainerItemProxy */;
		};
		023EB38F1587A34F0072EC4E /* PBXTargetDependency */ = {
			isa = PBXTargetDependency;
			target = 023EB3801587A31A0072EC4E /* FrameworkComplete */;
			targetProxy = 023EB38E1587A34F0072EC4E /* PBXContainerItemProxy */;
		};
		02679EDE1A2D381E0027DB63 /* PBXTargetDependency */ = {
			isa = PBXTargetDependency;
			target = EAA45E02155CE44B00F93E40 /* Framework */;
			targetProxy = 02679EDD1A2D381E0027DB63 /* PBXContainerItemProxy */;
		};
		028D628315C064BC00C12842 /* PBXTargetDependency */ = {
			isa = PBXTargetDependency;
			target = EAA45E02155CE44B00F93E40 /* Framework */;
			targetProxy = 028D628215C064BC00C12842 /* PBXContainerItemProxy */;
		};
		EAA3503915647DEA00B62244 /* PBXTargetDependency */ = {
			isa = PBXTargetDependency;
			target = EAA45E02155CE44B00F93E40 /* Framework */;
			targetProxy = EAA3503815647DEA00B62244 /* PBXContainerItemProxy */;
		};
/* End PBXTargetDependency section */

/* Begin XCBuildConfiguration section */
		023EB3821587A31A0072EC4E /* Debug */ = {
			isa = XCBuildConfiguration;
			buildSettings = {
				COMBINE_HIDPI_IMAGES = YES;
				PRODUCT_NAME = "$(TARGET_NAME)";
			};
			name = Debug;
		};
		023EB3831587A31A0072EC4E /* Release */ = {
			isa = XCBuildConfiguration;
			buildSettings = {
				COMBINE_HIDPI_IMAGES = YES;
				PRODUCT_NAME = "$(TARGET_NAME)";
			};
			name = Release;
		};
		023EB3861587A3210072EC4E /* Debug */ = {
			isa = XCBuildConfiguration;
			buildSettings = {
				COMBINE_HIDPI_IMAGES = YES;
				PRODUCT_NAME = "$(TARGET_NAME)";
			};
			name = Debug;
		};
		023EB3871587A3210072EC4E /* Release */ = {
			isa = XCBuildConfiguration;
			buildSettings = {
				COMBINE_HIDPI_IMAGES = YES;
				PRODUCT_NAME = "$(TARGET_NAME)";
			};
			name = Release;
		};
		02679EE01A2D381E0027DB63 /* Debug */ = {
			isa = XCBuildConfiguration;
			buildSettings = {
				CLANG_CXX_LIBRARY = "libc++";
				CLANG_ENABLE_MODULES = YES;
				CLANG_ENABLE_OBJC_ARC = YES;
				CLANG_WARN_DIRECT_OBJC_ISA_USAGE = YES_ERROR;
				CLANG_WARN_OBJC_ROOT_CLASS = YES_ERROR;
				COMBINE_HIDPI_IMAGES = YES;
				FRAMEWORK_SEARCH_PATHS = (
					"$(DEVELOPER_FRAMEWORKS_DIR)",
					"$(inherited)",
				);
				GCC_PREPROCESSOR_DEFINITIONS = (
					"DEBUG=1",
					"$(inherited)",
				);
				GCC_WARN_ABOUT_RETURN_TYPE = YES_ERROR;
				GCC_WARN_UNINITIALIZED_AUTOS = YES_AGGRESSIVE;
				INFOPLIST_FILE = MochaTests/Info.plist;
				LD_RUNPATH_SEARCH_PATHS = "$(inherited) @executable_path/../Frameworks @loader_path/../Frameworks";
				MACOSX_DEPLOYMENT_TARGET = 10.10;
				MTL_ENABLE_DEBUG_INFO = YES;
				PRODUCT_NAME = "$(TARGET_NAME)";
			};
			name = Debug;
		};
		02679EE11A2D381E0027DB63 /* Release */ = {
			isa = XCBuildConfiguration;
			buildSettings = {
				CLANG_CXX_LIBRARY = "libc++";
				CLANG_ENABLE_MODULES = YES;
				CLANG_ENABLE_OBJC_ARC = YES;
				CLANG_WARN_DIRECT_OBJC_ISA_USAGE = YES_ERROR;
				CLANG_WARN_OBJC_ROOT_CLASS = YES_ERROR;
				COMBINE_HIDPI_IMAGES = YES;
				ENABLE_NS_ASSERTIONS = NO;
				FRAMEWORK_SEARCH_PATHS = (
					"$(DEVELOPER_FRAMEWORKS_DIR)",
					"$(inherited)",
				);
				GCC_WARN_ABOUT_RETURN_TYPE = YES_ERROR;
				GCC_WARN_UNINITIALIZED_AUTOS = YES_AGGRESSIVE;
				INFOPLIST_FILE = MochaTests/Info.plist;
				LD_RUNPATH_SEARCH_PATHS = "$(inherited) @executable_path/../Frameworks @loader_path/../Frameworks";
				MACOSX_DEPLOYMENT_TARGET = 10.10;
				MTL_ENABLE_DEBUG_INFO = NO;
				PRODUCT_NAME = "$(TARGET_NAME)";
			};
			name = Release;
		};
		028D627E15C064AF00C12842 /* Debug */ = {
			isa = XCBuildConfiguration;
			buildSettings = {
				COMBINE_HIDPI_IMAGES = YES;
				PRODUCT_NAME = "$(TARGET_NAME)";
			};
			name = Debug;
		};
		028D627F15C064AF00C12842 /* Release */ = {
			isa = XCBuildConfiguration;
			buildSettings = {
				COMBINE_HIDPI_IMAGES = YES;
				PRODUCT_NAME = "$(TARGET_NAME)";
			};
			name = Release;
		};
		EAA45E16155CE44B00F93E40 /* Debug */ = {
			isa = XCBuildConfiguration;
			buildSettings = {
				ALWAYS_SEARCH_USER_PATHS = NO;
				CLANG_CXX_LANGUAGE_STANDARD = "gnu++0x";
				CLANG_WARN_BOOL_CONVERSION = YES;
				CLANG_WARN_CONSTANT_CONVERSION = YES;
				CLANG_WARN_EMPTY_BODY = YES;
				CLANG_WARN_ENUM_CONVERSION = YES;
				CLANG_WARN_INT_CONVERSION = YES;
				CLANG_WARN_UNREACHABLE_CODE = YES;
				CLANG_WARN__DUPLICATE_METHOD_MATCH = YES;
				COPY_PHASE_STRIP = NO;
				ENABLE_STRICT_OBJC_MSGSEND = YES;
				GCC_C_LANGUAGE_STANDARD = gnu99;
				GCC_DYNAMIC_NO_PIC = NO;
				GCC_ENABLE_OBJC_EXCEPTIONS = YES;
				GCC_OPTIMIZATION_LEVEL = 0;
				GCC_PREPROCESSOR_DEFINITIONS = (
					"DEBUG=1",
					"$(inherited)",
				);
				GCC_SYMBOLS_PRIVATE_EXTERN = NO;
				GCC_VERSION = com.apple.compilers.llvm.clang.1_0;
				GCC_WARN_64_TO_32_BIT_CONVERSION = YES;
				GCC_WARN_ABOUT_RETURN_TYPE = YES;
				GCC_WARN_SHADOW = YES;
				GCC_WARN_UNDECLARED_SELECTOR = YES;
				GCC_WARN_UNINITIALIZED_AUTOS = YES;
				GCC_WARN_UNUSED_FUNCTION = YES;
				GCC_WARN_UNUSED_VARIABLE = YES;
				IPHONEOS_DEPLOYMENT_TARGET = 8.0;
				MACOSX_DEPLOYMENT_TARGET = 10.8;
				ONLY_ACTIVE_ARCH = YES;
				OTHER_CFLAGS = "-fobjc-arc-exceptions";
				SDKROOT = macosx;
			};
			name = Debug;
		};
		EAA45E17155CE44B00F93E40 /* Release */ = {
			isa = XCBuildConfiguration;
			buildSettings = {
				ALWAYS_SEARCH_USER_PATHS = NO;
				CLANG_CXX_LANGUAGE_STANDARD = "gnu++0x";
				CLANG_WARN_BOOL_CONVERSION = YES;
				CLANG_WARN_CONSTANT_CONVERSION = YES;
				CLANG_WARN_EMPTY_BODY = YES;
				CLANG_WARN_ENUM_CONVERSION = YES;
				CLANG_WARN_INT_CONVERSION = YES;
				CLANG_WARN_UNREACHABLE_CODE = YES;
				CLANG_WARN__DUPLICATE_METHOD_MATCH = YES;
				COPY_PHASE_STRIP = YES;
				DEBUG_INFORMATION_FORMAT = "dwarf-with-dsym";
				ENABLE_STRICT_OBJC_MSGSEND = YES;
				GCC_C_LANGUAGE_STANDARD = gnu99;
				GCC_ENABLE_OBJC_EXCEPTIONS = YES;
				GCC_VERSION = com.apple.compilers.llvm.clang.1_0;
				GCC_WARN_64_TO_32_BIT_CONVERSION = YES;
				GCC_WARN_ABOUT_RETURN_TYPE = YES;
				GCC_WARN_SHADOW = YES;
				GCC_WARN_UNDECLARED_SELECTOR = YES;
				GCC_WARN_UNINITIALIZED_AUTOS = YES;
				GCC_WARN_UNUSED_FUNCTION = YES;
				GCC_WARN_UNUSED_VARIABLE = YES;
				IPHONEOS_DEPLOYMENT_TARGET = 8.0;
				MACOSX_DEPLOYMENT_TARGET = 10.8;
				OTHER_CFLAGS = "-fobjc-arc-exceptions";
				SDKROOT = macosx;
			};
			name = Release;
		};
		EAA45E19155CE44B00F93E40 /* Debug */ = {
			isa = XCBuildConfiguration;
			buildSettings = {
				CLANG_ENABLE_MODULES = YES;
				CLANG_ENABLE_OBJC_ARC = YES;
				CLANG_WARN_DIRECT_OBJC_ISA_USAGE = YES_ERROR;
				CLANG_WARN_OBJC_ROOT_CLASS = YES_ERROR;
				CLANG_WARN_UNREACHABLE_CODE = YES;
				COMBINE_HIDPI_IMAGES = YES;
				DEFINES_MODULE = YES;
				ENABLE_STRICT_OBJC_MSGSEND = YES;
				FRAMEWORK_VERSION = A;
				GCC_WARN_ABOUT_RETURN_TYPE = YES_ERROR;
				GCC_WARN_UNINITIALIZED_AUTOS = YES_AGGRESSIVE;
				INFOPLIST_FILE = "Mocha/Mocha-Info.plist";
				INSTALL_PATH = "@rpath";
				PRODUCT_NAME = Mocha;
				SDKROOT = macosx;
				WRAPPER_EXTENSION = framework;
			};
			name = Debug;
		};
		EAA45E1A155CE44B00F93E40 /* Release */ = {
			isa = XCBuildConfiguration;
			buildSettings = {
				CLANG_ENABLE_MODULES = YES;
				CLANG_ENABLE_OBJC_ARC = YES;
				CLANG_WARN_DIRECT_OBJC_ISA_USAGE = YES_ERROR;
				CLANG_WARN_OBJC_ROOT_CLASS = YES_ERROR;
				CLANG_WARN_UNREACHABLE_CODE = YES;
				COMBINE_HIDPI_IMAGES = YES;
				DEFINES_MODULE = YES;
				ENABLE_NS_ASSERTIONS = NO;
				ENABLE_STRICT_OBJC_MSGSEND = YES;
				FRAMEWORK_VERSION = A;
				GCC_WARN_ABOUT_RETURN_TYPE = YES_ERROR;
				GCC_WARN_UNINITIALIZED_AUTOS = YES_AGGRESSIVE;
				INFOPLIST_FILE = "Mocha/Mocha-Info.plist";
				INSTALL_PATH = "@rpath";
				PRODUCT_NAME = Mocha;
				SDKROOT = macosx;
				WRAPPER_EXTENSION = framework;
			};
			name = Release;
		};
		EAA45E7C155EE5AF00F93E40 /* Debug */ = {
			isa = XCBuildConfiguration;
			buildSettings = {
				CLANG_ENABLE_OBJC_ARC = YES;
				GCC_PRECOMPILE_PREFIX_HEADER = YES;
				GCC_PREFIX_HEADER = "moc/mocha-Prefix.pch";
				LD_RUNPATH_SEARCH_PATHS = "@loader_path/../../../../ @loader_path/";
				PRODUCT_NAME = "$(TARGET_NAME)";
			};
			name = Debug;
		};
		EAA45E7D155EE5AF00F93E40 /* Release */ = {
			isa = XCBuildConfiguration;
			buildSettings = {
				CLANG_ENABLE_OBJC_ARC = YES;
				GCC_PRECOMPILE_PREFIX_HEADER = YES;
				GCC_PREFIX_HEADER = "moc/mocha-Prefix.pch";
				LD_RUNPATH_SEARCH_PATHS = "@loader_path/../../../../ @loader_path/";
				PRODUCT_NAME = "$(TARGET_NAME)";
			};
			name = Release;
		};
/* End XCBuildConfiguration section */

/* Begin XCConfigurationList section */
		023EB3811587A31A0072EC4E /* Build configuration list for PBXAggregateTarget "FrameworkComplete" */ = {
			isa = XCConfigurationList;
			buildConfigurations = (
				023EB3821587A31A0072EC4E /* Debug */,
				023EB3831587A31A0072EC4E /* Release */,
			);
			defaultConfigurationIsVisible = 0;
			defaultConfigurationName = Release;
		};
		023EB3851587A3210072EC4E /* Build configuration list for PBXAggregateTarget "InstallPackage" */ = {
			isa = XCConfigurationList;
			buildConfigurations = (
				023EB3861587A3210072EC4E /* Debug */,
				023EB3871587A3210072EC4E /* Release */,
			);
			defaultConfigurationIsVisible = 0;
			defaultConfigurationName = Release;
		};
		02679EDF1A2D381E0027DB63 /* Build configuration list for PBXNativeTarget "MochaTests" */ = {
			isa = XCConfigurationList;
			buildConfigurations = (
				02679EE01A2D381E0027DB63 /* Debug */,
				02679EE11A2D381E0027DB63 /* Release */,
			);
			defaultConfigurationIsVisible = 0;
			defaultConfigurationName = Release;
		};
		028D628015C064AF00C12842 /* Build configuration list for PBXAggregateTarget "Documentation" */ = {
			isa = XCConfigurationList;
			buildConfigurations = (
				028D627E15C064AF00C12842 /* Debug */,
				028D627F15C064AF00C12842 /* Release */,
			);
			defaultConfigurationIsVisible = 0;
			defaultConfigurationName = Release;
		};
		EAA45DFC155CE44B00F93E40 /* Build configuration list for PBXProject "Mocha" */ = {
			isa = XCConfigurationList;
			buildConfigurations = (
				EAA45E16155CE44B00F93E40 /* Debug */,
				EAA45E17155CE44B00F93E40 /* Release */,
			);
			defaultConfigurationIsVisible = 0;
			defaultConfigurationName = Release;
		};
		EAA45E18155CE44B00F93E40 /* Build configuration list for PBXNativeTarget "Framework" */ = {
			isa = XCConfigurationList;
			buildConfigurations = (
				EAA45E19155CE44B00F93E40 /* Debug */,
				EAA45E1A155CE44B00F93E40 /* Release */,
			);
			defaultConfigurationIsVisible = 0;
			defaultConfigurationName = Release;
		};
		EAA45E7B155EE5AF00F93E40 /* Build configuration list for PBXNativeTarget "mocha" */ = {
			isa = XCConfigurationList;
			buildConfigurations = (
				EAA45E7C155EE5AF00F93E40 /* Debug */,
				EAA45E7D155EE5AF00F93E40 /* Release */,
			);
			defaultConfigurationIsVisible = 0;
			defaultConfigurationName = Release;
		};
/* End XCConfigurationList section */

/* Begin XCVersionGroup section */
		9F54B8D81AEB431400AB4378 /* Model.xcdatamodeld */ = {
			isa = XCVersionGroup;
			children = (
				9F54B8D91AEB431400AB4378 /* Model.xcdatamodel */,
			);
			currentVersion = 9F54B8D91AEB431400AB4378 /* Model.xcdatamodel */;
			path = Model.xcdatamodeld;
			sourceTree = "<group>";
			versionGroupType = wrapper.xcdatamodel;
		};
/* End XCVersionGroup section */
	};
	rootObject = EAA45DF9155CE44B00F93E40 /* Project object */;
}
